
Microsoft Visual Studio Solution File, Format Version 12.00
# Visual Studio 15
Project("{FAE04EC0-301F-11D3-BF4B-00C04F79EFBC}") = "Unity.Services.Core.Telemetry", "Unity.Services.Core.Telemetry.csproj", "{3EA525C2-9A24-636F-07F6-3F3C339B8F7F}"
EndProject
Project("{FAE04EC0-301F-11D3-BF4B-00C04F79EFBC}") = "UnityEngine.TestRunner", "UnityEngine.TestRunner.csproj", "{AEB0D7EF-F0D0-D750-4823-CD5099DD7BE3}"
EndProject
Project("{FAE04EC0-301F-11D3-BF4B-00C04F79EFBC}") = "UIEffect_Demo", "UIEffect_Demo.csproj", "{7AE48BF7-43B8-4E6F-7A37-110C5A1A2A15}"
EndProject
Project("{FAE04EC0-301F-11D3-BF4B-00C04F79EFBC}") = "Unity.VisualScripting.State", "Unity.VisualScripting.State.csproj", "{FAF2EF80-D767-AFE6-1F94-A1D44E9EBABC}"
EndProject
Project("{FAE04EC0-301F-11D3-BF4B-00C04F79EFBC}") = "Unity.VisualScripting.Flow", "Unity.VisualScripting.Flow.csproj", "{359F6651-6C0C-0B91-9DC2-8498912DCF8B}"
EndProject
Project("{FAE04EC0-301F-11D3-BF4B-00C04F79EFBC}") = "Assembly-CSharp", "Assembly-CSharp.csproj", "{E74B2749-A221-686F-3A8D-D8FB3020843C}"
EndProject
Project("{FAE04EC0-301F-11D3-BF4B-00C04F79EFBC}") = "Unity.VisualScripting.Core", "Unity.VisualScripting.Core.csproj", "{8E62605A-7EA5-1893-2CEB-AF0BB57A01F2}"
EndProject
Project("{FAE04EC0-301F-11D3-BF4B-00C04F79EFBC}") = "Unity.Services.Core.Environments.Internal", "Unity.Services.Core.Environments.Internal.csproj", "{21B66E2A-7E2E-3EAD-4B08-BA8C9700CCF4}"
EndProject
Project("{FAE04EC0-301F-11D3-BF4B-00C04F79EFBC}") = "Unity.2D.Animation.Runtime", "Unity.2D.Animation.Runtime.csproj", "{35368DEE-0A9F-79BB-F3F2-4D12E7E856C2}"
EndProject
Project("{FAE04EC0-301F-11D3-BF4B-00C04F79EFBC}") = "Unity.TextMeshPro", "Unity.TextMeshPro.csproj", "{3740CE01-BE25-7DF2-2722-AEE13208CA24}"
EndProject
Project("{FAE04EC0-301F-11D3-BF4B-00C04F79EFBC}") = "Unity.Burst", "Unity.Burst.csproj", "{F5D4148F-6C82-B859-3419-B957C5F969F2}"
EndProject
Project("{FAE04EC0-301F-11D3-BF4B-00C04F79EFBC}") = "UIEffect", "UIEffect.csproj", "{D66EC0FE-E69A-5C28-FD45-EACEEEE0BDD1}"
EndProject
Project("{FAE04EC0-301F-11D3-BF4B-00C04F79EFBC}") = "Unity.Services.Core.Environments", "Unity.Services.Core.Environments.csproj", "{40AA45A1-9729-2A4F-7FB2-738949FD8745}"
EndProject
Project("{FAE04EC0-301F-11D3-BF4B-00C04F79EFBC}") = "Unity.2D.SpriteShape.Runtime", "Unity.2D.SpriteShape.Runtime.csproj", "{AE6165FE-2020-3452-E873-B245CA601C49}"
EndProject
Project("{FAE04EC0-301F-11D3-BF4B-00C04F79EFBC}") = "Unity.Services.Core.Internal", "Unity.Services.Core.Internal.csproj", "{EBB2886F-AACB-5CA3-6171-729E04D96970}"
EndProject
Project("{FAE04EC0-301F-11D3-BF4B-00C04F79EFBC}") = "Unity.Timeline", "Unity.Timeline.csproj", "{93255255-4509-A8CC-55DC-B7BBFD6AF1B1}"
EndProject
Project("{FAE04EC0-301F-11D3-BF4B-00C04F79EFBC}") = "Unity.Mathematics", "Unity.Mathematics.csproj", "{D0563CF1-5961-866E-BC18-E6A33146B2F3}"
EndProject
Project("{FAE04EC0-301F-11D3-BF4B-00C04F79EFBC}") = "Unity.Services.Core.Scheduler", "Unity.Services.Core.Scheduler.csproj", "{810939C0-6AC7-F3BA-EA0E-8A95EF23C4A1}"
EndProject
Project("{FAE04EC0-301F-11D3-BF4B-00C04F79EFBC}") = "Unity.2D.PixelPerfect", "Unity.2D.PixelPerfect.csproj", "{5E74086A-A530-865D-5032-A2D747FA6103}"
EndProject
Project("{FAE04EC0-301F-11D3-BF4B-00C04F79EFBC}") = "Unity.Services.Core.Device", "Unity.Services.Core.Device.csproj", "{D59DCC30-81BF-5D22-D625-0628FEB2F0D0}"
EndProject
Project("{FAE04EC0-301F-11D3-BF4B-00C04F79EFBC}") = "Unity.Services.Core.Analytics", "Unity.Services.Core.Analytics.csproj", "{12C66626-DF7C-52D5-EC3C-DB72C5CEAE3F}"
EndProject
Project("{FAE04EC0-301F-11D3-BF4B-00C04F79EFBC}") = "Unity.2D.IK.Runtime", "Unity.2D.IK.Runtime.csproj", "{A505A9E8-0E7E-4051-E875-683693756B8B}"
EndProject
Project("{FAE04EC0-301F-11D3-BF4B-00C04F79EFBC}") = "Unity.2D.Common.Runtime", "Unity.2D.Common.Runtime.csproj", "{F9EC6904-B65C-8BAB-79AE-F7E77F73D3C8}"
EndProject
Project("{FAE04EC0-301F-11D3-BF4B-00C04F79EFBC}") = "Unity.2D.Tilemap.Extras", "Unity.2D.Tilemap.Extras.csproj", "{640A26A4-B48E-15DE-42BB-188622C1804D}"
EndProject
Project("{FAE04EC0-301F-11D3-BF4B-00C04F79EFBC}") = "Unity.Services.Core.Configuration", "Unity.Services.Core.Configuration.csproj", "{09EE8B2C-9349-55CE-344C-5A1F1C8F9706}"
EndProject
Project("{FAE04EC0-301F-11D3-BF4B-00C04F79EFBC}") = "Unity.Services.Core.Threading", "Unity.Services.Core.Threading.csproj", "{6963C93D-5301-C9A7-5DE7-2585989E344F}"
EndProject
Project("{FAE04EC0-301F-11D3-BF4B-00C04F79EFBC}") = "Unity.Services.Core", "Unity.Services.Core.csproj", "{27BC5E68-C1AF-0014-ACF2-5A2FD0170259}"
EndProject
Project("{FAE04EC0-301F-11D3-BF4B-00C04F79EFBC}") = "Unity.Services.Core.Networking", "Unity.Services.Core.Networking.csproj", "{C8805B69-8713-4728-40B6-DFA202427EFB}"
EndProject
Project("{FAE04EC0-301F-11D3-BF4B-00C04F79EFBC}") = "Unity.Services.Core.Registration", "Unity.Services.Core.Registration.csproj", "{FC0F5D66-97C9-DA60-5E52-4EB9ACA06A61}"
EndProject
Project("{FAE04EC0-301F-11D3-BF4B-00C04F79EFBC}") = "Unity.InternalAPIEngineBridge.001", "Unity.InternalAPIEngineBridge.001.csproj", "{D3F7DC6A-9770-09A7-44ED-3C6CD04C3A07}"
EndProject
Project("{FAE04EC0-301F-11D3-BF4B-00C04F79EFBC}") = "Unity.PlasticSCM.Editor", "Unity.PlasticSCM.Editor.csproj", "{B49139D7-0463-2EC9-4BED-FB0B62AD0DE7}"
EndProject
Project("{FAE04EC0-301F-11D3-BF4B-00C04F79EFBC}") = "Unity.VisualScripting.Core.Editor", "Unity.VisualScripting.Core.Editor.csproj", "{8B27BCA8-9F62-522D-E6DC-AC35C9841A38}"
EndProject
Project("{FAE04EC0-301F-11D3-BF4B-00C04F79EFBC}") = "Unity.Timeline.Editor", "Unity.Timeline.Editor.csproj", "{170A754B-2132-C388-48A9-494B1D7CC402}"
EndProject
Project("{FAE04EC0-301F-11D3-BF4B-00C04F79EFBC}") = "Unity.TextMeshPro.Editor", "Unity.TextMeshPro.Editor.csproj", "{151CE7AD-8B9C-F9E8-286E-7BCE30177CEA}"
EndProject
Project("{FAE04EC0-301F-11D3-BF4B-00C04F79EFBC}") = "Unity.2D.Animation.Editor", "Unity.2D.Animation.Editor.csproj", "{4C655B0E-1161-75B5-BB91-E48C57A4C001}"
EndProject
Project("{FAE04EC0-301F-11D3-BF4B-00C04F79EFBC}") = "Unity.VisualScripting.SettingsProvider.Editor", "Unity.VisualScripting.SettingsProvider.Editor.csproj", "{20D8A112-C569-31B3-AE67-16FA07F0A1E5}"
EndProject
Project("{FAE04EC0-301F-11D3-BF4B-00C04F79EFBC}") = "UnityEditor.TestRunner", "UnityEditor.TestRunner.csproj", "{F12D11CB-9FC5-6A00-8680-6710F00BA615}"
EndProject
Project("{FAE04EC0-301F-11D3-BF4B-00C04F79EFBC}") = "Unity.VisualScripting.Flow.Editor", "Unity.VisualScripting.Flow.Editor.csproj", "{5306629F-CB0C-5A51-829A-720D80CB6F5B}"
EndProject
Project("{FAE04EC0-301F-11D3-BF4B-00C04F79EFBC}") = "Unity.Rider.Editor", "Unity.Rider.Editor.csproj", "{1AF78C7B-A8AD-7A7F-2E42-CC6878F05919}"
EndProject
Project("{FAE04EC0-301F-11D3-BF4B-00C04F79EFBC}") = "PsdPlugin", "PsdPlugin.csproj", "{F1C0FDAC-6E64-3861-C8CD-7FD946D9DE7B}"
EndProject
Project("{FAE04EC0-301F-11D3-BF4B-00C04F79EFBC}") = "Unity.CollabProxy.Editor", "Unity.CollabProxy.Editor.csproj", "{5C2EC1AB-00A0-606E-0C1E-178F8D5854CC}"
EndProject
Project("{FAE04EC0-301F-11D3-BF4B-00C04F79EFBC}") = "Unity.Services.Core.Editor", "Unity.Services.Core.Editor.csproj", "{D91B0F4E-399F-ADDE-3180-65D4FA51E19F}"
EndProject
Project("{FAE04EC0-301F-11D3-BF4B-00C04F79EFBC}") = "Unity.2D.Common.Path.Editor", "Unity.2D.Common.Path.Editor.csproj", "{CC1B7BB8-85C9-37C7-5A69-77466FC09A27}"
EndProject
Project("{FAE04EC0-301F-11D3-BF4B-00C04F79EFBC}") = "Unity.2D.SpriteShape.Editor", "Unity.2D.SpriteShape.Editor.csproj", "{A5864B72-0A75-E738-098E-E93C5254F7E4}"
EndProject
Project("{FAE04EC0-301F-11D3-BF4B-00C04F79EFBC}") = "Unity.Burst.CodeGen", "Unity.Burst.CodeGen.csproj", "{BBA76AA2-9E28-9DF8-7ECF-7B9242F59AC8}"
EndProject
Project("{FAE04EC0-301F-11D3-BF4B-00C04F79EFBC}") = "Unity.2D.PixelPerfect.Editor", "Unity.2D.PixelPerfect.Editor.csproj", "{E9192E08-8B56-2F41-A512-308ED5E7C1F8}"
EndProject
Project("{FAE04EC0-301F-11D3-BF4B-00C04F79EFBC}") = "Unity.VSCode.Editor", "Unity.VSCode.Editor.csproj", "{BA093EAF-1503-8669-5258-F39CC37EBE36}"
EndProject
Project("{FAE04EC0-301F-11D3-BF4B-00C04F79EFBC}") = "Unity.VisualStudio.Editor", "Unity.VisualStudio.Editor.csproj", "{6FF53777-C177-AC56-85AB-4EB12F83A28E}"
EndProject
Project("{FAE04EC0-301F-11D3-BF4B-00C04F79EFBC}") = "Unity.2D.Common.Editor", "Unity.2D.Common.Editor.csproj", "{02B4F0CC-C5BD-33AC-20CE-EB0EBD219B89}"
EndProject
Project("{FAE04EC0-301F-11D3-BF4B-00C04F79EFBC}") = "Unity.2D.Psdimporter.Editor", "Unity.2D.Psdimporter.Editor.csproj", "{865B826B-F82C-54D1-9389-461006931969}"
EndProject
Project("{FAE04EC0-301F-11D3-BF4B-00C04F79EFBC}") = "UIEffect-Editor", "UIEffect-Editor.csproj", "{6C8A21EE-022D-A318-9CCF-383C2E805AC0}"
EndProject
Project("{FAE04EC0-301F-11D3-BF4B-00C04F79EFBC}") = "Unity.VisualScripting.State.Editor", "Unity.VisualScripting.State.Editor.csproj", "{FE0473D6-6AB6-9315-97B3-78E66A73957F}"
EndProject
Project("{FAE04EC0-301F-11D3-BF4B-00C04F79EFBC}") = "Unity.Searcher.Editor", "Unity.Searcher.Editor.csproj", "{E7DFEE0A-2DD0-C82A-5D77-CFDF33AC328F}"
EndProject
Project("{FAE04EC0-301F-11D3-BF4B-00C04F79EFBC}") = "Unity.Services.Core.Configuration.Editor", "Unity.Services.Core.Configuration.Editor.csproj", "{32AE278A-6684-E31F-7518-3C89F597A5B5}"
EndProject
Project("{FAE04EC0-301F-11D3-BF4B-00C04F79EFBC}") = "Unity.Burst.Editor", "Unity.Burst.Editor.csproj", "{1F057F48-BB69-DBB1-977F-FBBC2A4A78EF}"
EndProject
Project("{FAE04EC0-301F-11D3-BF4B-00C04F79EFBC}") = "Unity.2D.IK.Editor", "Unity.2D.IK.Editor.csproj", "{F69B9591-7C69-D8F5-38BD-B086E8A956CF}"
EndProject
Project("{FAE04EC0-301F-11D3-BF4B-00C04F79EFBC}") = "Unity.Mathematics.Editor", "Unity.Mathematics.Editor.csproj", "{1EA27C18-E3A2-935D-BCC4-2917156A6C08}"
EndProject
Project("{FAE04EC0-301F-11D3-BF4B-00C04F79EFBC}") = "Unity.2D.Tilemap.Extras.Editor", "Unity.2D.Tilemap.Extras.Editor.csproj", "{03732719-7260-E245-0694-27FA3275C256}"
EndProject
Project("{FAE04EC0-301F-11D3-BF4B-00C04F79EFBC}") = "Unity.InternalAPIEditorBridge.001", "Unity.InternalAPIEditorBridge.001.csproj", "{68E137ED-0B0A-3F4E-179E-E0C17BE295DC}"
EndProject
Project("{FAE04EC0-301F-11D3-BF4B-00C04F79EFBC}") = "Assembly-CSharp-Editor", "Assembly-CSharp-Editor.csproj", "{543D529B-43B9-D817-68D6-10091EFD870F}"
EndProject
Project("{FAE04EC0-301F-11D3-BF4B-00C04F79EFBC}") = "Unity.VisualScripting.Shared.Editor", "Unity.VisualScripting.Shared.Editor.csproj", "{352E965E-29DD-90F4-F327-B89D1BE45752}"
EndProject
Project("{FAE04EC0-301F-11D3-BF4B-00C04F79EFBC}") = "Unity.Services.Core.Telemetry", "Unity.Services.Core.Telemetry.Player.csproj", "{B20AD9F6-408E-9E5C-BFE2-E55800772564}"
EndProject
Project("{FAE04EC0-301F-11D3-BF4B-00C04F79EFBC}") = "UnityEngine.TestRunner", "UnityEngine.TestRunner.Player.csproj", "{3F9B3837-9EC0-F309-D769-2B902C459AE3}"
EndProject
Project("{FAE04EC0-301F-11D3-BF4B-00C04F79EFBC}") = "UIEffect_Demo", "UIEffect_Demo.Player.csproj", "{B4C827BF-2D0E-F72C-49F1-50A6D9A12EF9}"
EndProject
Project("{FAE04EC0-301F-11D3-BF4B-00C04F79EFBC}") = "Unity.VisualScripting.State", "Unity.VisualScripting.State.Player.csproj", "{90D9D12B-89D9-0AEF-60D5-EE860DE85B4B}"
EndProject
Project("{FAE04EC0-301F-11D3-BF4B-00C04F79EFBC}") = "Unity.VisualScripting.Flow", "Unity.VisualScripting.Flow.Player.csproj", "{497A000A-A24C-981F-06DF-6A16C5EB723E}"
EndProject
Project("{FAE04EC0-301F-11D3-BF4B-00C04F79EFBC}") = "Assembly-CSharp", "Assembly-CSharp.Player.csproj", "{3E3BA154-AABD-91FD-1390-81D098492D8B}"
EndProject
Project("{FAE04EC0-301F-11D3-BF4B-00C04F79EFBC}") = "Unity.VisualScripting.Core", "Unity.VisualScripting.Core.Player.csproj", "{6D9E76B1-4986-65FB-289A-47C66422685F}"
EndProject
Project("{FAE04EC0-301F-11D3-BF4B-00C04F79EFBC}") = "Unity.Services.Core.Environments.Internal", "Unity.Services.Core.Environments.Internal.Player.csproj", "{4127BABD-9AB3-1499-FD34-161FE9DCA452}"
EndProject
Project("{FAE04EC0-301F-11D3-BF4B-00C04F79EFBC}") = "Unity.2D.Animation.Runtime", "Unity.2D.Animation.Runtime.Player.csproj", "{256DA267-907C-96CC-B2F1-CCF9907CF5F1}"
EndProject
Project("{FAE04EC0-301F-11D3-BF4B-00C04F79EFBC}") = "Unity.TextMeshPro", "Unity.TextMeshPro.Player.csproj", "{25E8AE9D-F207-C996-1EBD-08500C7ED897}"
EndProject
Project("{FAE04EC0-301F-11D3-BF4B-00C04F79EFBC}") = "Unity.Burst", "Unity.Burst.Player.csproj", "{D0166E2A-D926-6EE6-9F6D-832A39A12522}"
EndProject
Project("{FAE04EC0-301F-11D3-BF4B-00C04F79EFBC}") = "UIEffect", "UIEffect.Player.csproj", "{83A08A46-489D-AF29-9054-44CC62F748B0}"
EndProject
Project("{FAE04EC0-301F-11D3-BF4B-00C04F79EFBC}") = "Unity.Services.Core.Environments", "Unity.Services.Core.Environments.Player.csproj", "{B91F033B-7367-9681-0CD0-06CE76D0CA9F}"
EndProject
Project("{FAE04EC0-301F-11D3-BF4B-00C04F79EFBC}") = "Unity.2D.SpriteShape.Runtime", "Unity.2D.SpriteShape.Runtime.Player.csproj", "{F5A40797-BCCC-A81E-63C8-B66932B0752C}"
EndProject
Project("{FAE04EC0-301F-11D3-BF4B-00C04F79EFBC}") = "Unity.Services.Core.Internal", "Unity.Services.Core.Internal.Player.csproj", "{3E75914D-21AD-FCF7-993A-1B6E578BC5EF}"
EndProject
Project("{FAE04EC0-301F-11D3-BF4B-00C04F79EFBC}") = "Unity.Timeline", "Unity.Timeline.Player.csproj", "{3AC99D75-B799-B786-0470-286E1DF1E477}"
EndProject
Project("{FAE04EC0-301F-11D3-BF4B-00C04F79EFBC}") = "Unity.Mathematics", "Unity.Mathematics.Player.csproj", "{AFAC5A4A-77A2-D51A-0E48-18BAA3D96EA3}"
EndProject
Project("{FAE04EC0-301F-11D3-BF4B-00C04F79EFBC}") = "Unity.Services.Core.Scheduler", "Unity.Services.Core.Scheduler.Player.csproj", "{0BAE141D-4AF2-821E-ABB7-CA342DE8CAD9}"
EndProject
Project("{FAE04EC0-301F-11D3-BF4B-00C04F79EFBC}") = "Unity.2D.PixelPerfect", "Unity.2D.PixelPerfect.Player.csproj", "{A743CF2B-DA66-ADCF-0717-1998C516BDBC}"
EndProject
Project("{FAE04EC0-301F-11D3-BF4B-00C04F79EFBC}") = "Unity.Services.Core.Device", "Unity.Services.Core.Device.Player.csproj", "{094BE9DA-B486-9A2C-FD54-B9B1A453FDCC}"
EndProject
Project("{FAE04EC0-301F-11D3-BF4B-00C04F79EFBC}") = "Unity.Services.Core.Analytics", "Unity.Services.Core.Analytics.Player.csproj", "{EF1199F6-7892-6BD8-137D-854B218084CE}"
EndProject
Project("{FAE04EC0-301F-11D3-BF4B-00C04F79EFBC}") = "Unity.2D.IK.Runtime", "Unity.2D.IK.Runtime.Player.csproj", "{EEC4CFC7-DA73-6658-1E8C-B1F22BB999F5}"
EndProject
Project("{FAE04EC0-301F-11D3-BF4B-00C04F79EFBC}") = "Unity.2D.Common.Runtime", "Unity.2D.Common.Runtime.Player.csproj", "{691BB600-9F10-BFAC-3CEF-F1C4647AB4BB}"
EndProject
Project("{FAE04EC0-301F-11D3-BF4B-00C04F79EFBC}") = "Unity.2D.Tilemap.Extras", "Unity.2D.Tilemap.Extras.Player.csproj", "{ACBD4583-F8C3-A045-FC5A-B525C6155EE8}"
EndProject
Project("{FAE04EC0-301F-11D3-BF4B-00C04F79EFBC}") = "Unity.Services.Core.Configuration", "Unity.Services.Core.Configuration.Player.csproj", "{8BE606A4-007A-1C89-1DF3-CD2154E0F986}"
EndProject
Project("{FAE04EC0-301F-11D3-BF4B-00C04F79EFBC}") = "Unity.Services.Core.Threading", "Unity.Services.Core.Threading.Player.csproj", "{A285B90B-643E-1DC4-ED41-B471F23126E0}"
EndProject
Project("{FAE04EC0-301F-11D3-BF4B-00C04F79EFBC}") = "Unity.Services.Core", "Unity.Services.Core.Player.csproj", "{08191B75-2C0E-EDA0-E8A3-ECDBEA65AA53}"
EndProject
Project("{FAE04EC0-301F-11D3-BF4B-00C04F79EFBC}") = "Unity.Services.Core.Networking", "Unity.Services.Core.Networking.Player.csproj", "{086B6065-3671-212F-877D-FD6723977FF9}"
EndProject
Project("{FAE04EC0-301F-11D3-BF4B-00C04F79EFBC}") = "Unity.Services.Core.Registration", "Unity.Services.Core.Registration.Player.csproj", "{145382F1-E3B1-AFBE-643C-DD9F2FAADA84}"
EndProject
Project("{FAE04EC0-301F-11D3-BF4B-00C04F79EFBC}") = "Unity.InternalAPIEngineBridge.001", "Unity.InternalAPIEngineBridge.001.Player.csproj", "{24389774-F053-D65A-FEA9-779DAD1A8DEF}"
EndProject
Global
	GlobalSection(SolutionConfigurationPlatforms) = preSolution
		Debug|Any CPU = Debug|Any CPU
		Release|Any CPU = Release|Any CPU
	EndGlobalSection
	GlobalSection(ProjectConfigurationPlatforms) = postSolution
		{3EA525C2-9A24-636F-07F6-3F3C339B8F7F}.Debug|Any CPU.ActiveCfg = Debug|Any CPU
		{3EA525C2-9A24-636F-07F6-3F3C339B8F7F}.Debug|Any CPU.Build.0 = Debug|Any CPU
		{3EA525C2-9A24-636F-07F6-3F3C339B8F7F}.Release|Any CPU.ActiveCfg = Release|Any CPU
		{3EA525C2-9A24-636F-07F6-3F3C339B8F7F}.Release|Any CPU.Build.0 = Release|Any CPU
		{AEB0D7EF-F0D0-D750-4823-CD5099DD7BE3}.Debug|Any CPU.ActiveCfg = Debug|Any CPU
		{AEB0D7EF-F0D0-D750-4823-CD5099DD7BE3}.Debug|Any CPU.Build.0 = Debug|Any CPU
		{AEB0D7EF-F0D0-D750-4823-CD5099DD7BE3}.Release|Any CPU.ActiveCfg = Release|Any CPU
		{AEB0D7EF-F0D0-D750-4823-CD5099DD7BE3}.Release|Any CPU.Build.0 = Release|Any CPU
		{7AE48BF7-43B8-4E6F-7A37-110C5A1A2A15}.Debug|Any CPU.ActiveCfg = Debug|Any CPU
		{7AE48BF7-43B8-4E6F-7A37-110C5A1A2A15}.Debug|Any CPU.Build.0 = Debug|Any CPU
		{7AE48BF7-43B8-4E6F-7A37-110C5A1A2A15}.Release|Any CPU.ActiveCfg = Release|Any CPU
		{7AE48BF7-43B8-4E6F-7A37-110C5A1A2A15}.Release|Any CPU.Build.0 = Release|Any CPU
		{FAF2EF80-D767-AFE6-1F94-A1D44E9EBABC}.Debug|Any CPU.ActiveCfg = Debug|Any CPU
		{FAF2EF80-D767-AFE6-1F94-A1D44E9EBABC}.Debug|Any CPU.Build.0 = Debug|Any CPU
		{FAF2EF80-D767-AFE6-1F94-A1D44E9EBABC}.Release|Any CPU.ActiveCfg = Release|Any CPU
		{FAF2EF80-D767-AFE6-1F94-A1D44E9EBABC}.Release|Any CPU.Build.0 = Release|Any CPU
		{359F6651-6C0C-0B91-9DC2-8498912DCF8B}.Debug|Any CPU.ActiveCfg = Debug|Any CPU
		{359F6651-6C0C-0B91-9DC2-8498912DCF8B}.Debug|Any CPU.Build.0 = Debug|Any CPU
		{359F6651-6C0C-0B91-9DC2-8498912DCF8B}.Release|Any CPU.ActiveCfg = Release|Any CPU
		{359F6651-6C0C-0B91-9DC2-8498912DCF8B}.Release|Any CPU.Build.0 = Release|Any CPU
		{E74B2749-A221-686F-3A8D-D8FB3020843C}.Debug|Any CPU.ActiveCfg = Debug|Any CPU
		{E74B2749-A221-686F-3A8D-D8FB3020843C}.Debug|Any CPU.Build.0 = Debug|Any CPU
		{E74B2749-A221-686F-3A8D-D8FB3020843C}.Release|Any CPU.ActiveCfg = Release|Any CPU
		{E74B2749-A221-686F-3A8D-D8FB3020843C}.Release|Any CPU.Build.0 = Release|Any CPU
		{8E62605A-7EA5-1893-2CEB-AF0BB57A01F2}.Debug|Any CPU.ActiveCfg = Debug|Any CPU
		{8E62605A-7EA5-1893-2CEB-AF0BB57A01F2}.Debug|Any CPU.Build.0 = Debug|Any CPU
		{8E62605A-7EA5-1893-2CEB-AF0BB57A01F2}.Release|Any CPU.ActiveCfg = Release|Any CPU
		{8E62605A-7EA5-1893-2CEB-AF0BB57A01F2}.Release|Any CPU.Build.0 = Release|Any CPU
		{21B66E2A-7E2E-3EAD-4B08-BA8C9700CCF4}.Debug|Any CPU.ActiveCfg = Debug|Any CPU
		{21B66E2A-7E2E-3EAD-4B08-BA8C9700CCF4}.Debug|Any CPU.Build.0 = Debug|Any CPU
		{21B66E2A-7E2E-3EAD-4B08-BA8C9700CCF4}.Release|Any CPU.ActiveCfg = Release|Any CPU
		{21B66E2A-7E2E-3EAD-4B08-BA8C9700CCF4}.Release|Any CPU.Build.0 = Release|Any CPU
		{35368DEE-0A9F-79BB-F3F2-4D12E7E856C2}.Debug|Any CPU.ActiveCfg = Debug|Any CPU
		{35368DEE-0A9F-79BB-F3F2-4D12E7E856C2}.Debug|Any CPU.Build.0 = Debug|Any CPU
		{35368DEE-0A9F-79BB-F3F2-4D12E7E856C2}.Release|Any CPU.ActiveCfg = Release|Any CPU
		{35368DEE-0A9F-79BB-F3F2-4D12E7E856C2}.Release|Any CPU.Build.0 = Release|Any CPU
		{3740CE01-BE25-7DF2-2722-AEE13208CA24}.Debug|Any CPU.ActiveCfg = Debug|Any CPU
		{3740CE01-BE25-7DF2-2722-AEE13208CA24}.Debug|Any CPU.Build.0 = Debug|Any CPU
		{3740CE01-BE25-7DF2-2722-AEE13208CA24}.Release|Any CPU.ActiveCfg = Release|Any CPU
		{3740CE01-BE25-7DF2-2722-AEE13208CA24}.Release|Any CPU.Build.0 = Release|Any CPU
		{F5D4148F-6C82-B859-3419-B957C5F969F2}.Debug|Any CPU.ActiveCfg = Debug|Any CPU
		{F5D4148F-6C82-B859-3419-B957C5F969F2}.Debug|Any CPU.Build.0 = Debug|Any CPU
		{F5D4148F-6C82-B859-3419-B957C5F969F2}.Release|Any CPU.ActiveCfg = Release|Any CPU
		{F5D4148F-6C82-B859-3419-B957C5F969F2}.Release|Any CPU.Build.0 = Release|Any CPU
		{D66EC0FE-E69A-5C28-FD45-EACEEEE0BDD1}.Debug|Any CPU.ActiveCfg = Debug|Any CPU
		{D66EC0FE-E69A-5C28-FD45-EACEEEE0BDD1}.Debug|Any CPU.Build.0 = Debug|Any CPU
		{D66EC0FE-E69A-5C28-FD45-EACEEEE0BDD1}.Release|Any CPU.ActiveCfg = Release|Any CPU
		{D66EC0FE-E69A-5C28-FD45-EACEEEE0BDD1}.Release|Any CPU.Build.0 = Release|Any CPU
		{40AA45A1-9729-2A4F-7FB2-738949FD8745}.Debug|Any CPU.ActiveCfg = Debug|Any CPU
		{40AA45A1-9729-2A4F-7FB2-738949FD8745}.Debug|Any CPU.Build.0 = Debug|Any CPU
		{40AA45A1-9729-2A4F-7FB2-738949FD8745}.Release|Any CPU.ActiveCfg = Release|Any CPU
		{40AA45A1-9729-2A4F-7FB2-738949FD8745}.Release|Any CPU.Build.0 = Release|Any CPU
		{AE6165FE-2020-3452-E873-B245CA601C49}.Debug|Any CPU.ActiveCfg = Debug|Any CPU
		{AE6165FE-2020-3452-E873-B245CA601C49}.Debug|Any CPU.Build.0 = Debug|Any CPU
		{AE6165FE-2020-3452-E873-B245CA601C49}.Release|Any CPU.ActiveCfg = Release|Any CPU
		{AE6165FE-2020-3452-E873-B245CA601C49}.Release|Any CPU.Build.0 = Release|Any CPU
		{EBB2886F-AACB-5CA3-6171-729E04D96970}.Debug|Any CPU.ActiveCfg = Debug|Any CPU
		{EBB2886F-AACB-5CA3-6171-729E04D96970}.Debug|Any CPU.Build.0 = Debug|Any CPU
		{EBB2886F-AACB-5CA3-6171-729E04D96970}.Release|Any CPU.ActiveCfg = Release|Any CPU
		{EBB2886F-AACB-5CA3-6171-729E04D96970}.Release|Any CPU.Build.0 = Release|Any CPU
		{93255255-4509-A8CC-55DC-B7BBFD6AF1B1}.Debug|Any CPU.ActiveCfg = Debug|Any CPU
		{93255255-4509-A8CC-55DC-B7BBFD6AF1B1}.Debug|Any CPU.Build.0 = Debug|Any CPU
		{93255255-4509-A8CC-55DC-B7BBFD6AF1B1}.Release|Any CPU.ActiveCfg = Release|Any CPU
		{93255255-4509-A8CC-55DC-B7BBFD6AF1B1}.Release|Any CPU.Build.0 = Release|Any CPU
		{D0563CF1-5961-866E-BC18-E6A33146B2F3}.Debug|Any CPU.ActiveCfg = Debug|Any CPU
		{D0563CF1-5961-866E-BC18-E6A33146B2F3}.Debug|Any CPU.Build.0 = Debug|Any CPU
		{D0563CF1-5961-866E-BC18-E6A33146B2F3}.Release|Any CPU.ActiveCfg = Release|Any CPU
		{D0563CF1-5961-866E-BC18-E6A33146B2F3}.Release|Any CPU.Build.0 = Release|Any CPU
		{810939C0-6AC7-F3BA-EA0E-8A95EF23C4A1}.Debug|Any CPU.ActiveCfg = Debug|Any CPU
		{810939C0-6AC7-F3BA-EA0E-8A95EF23C4A1}.Debug|Any CPU.Build.0 = Debug|Any CPU
		{810939C0-6AC7-F3BA-EA0E-8A95EF23C4A1}.Release|Any CPU.ActiveCfg = Release|Any CPU
		{810939C0-6AC7-F3BA-EA0E-8A95EF23C4A1}.Release|Any CPU.Build.0 = Release|Any CPU
		{5E74086A-A530-865D-5032-A2D747FA6103}.Debug|Any CPU.ActiveCfg = Debug|Any CPU
		{5E74086A-A530-865D-5032-A2D747FA6103}.Debug|Any CPU.Build.0 = Debug|Any CPU
		{5E74086A-A530-865D-5032-A2D747FA6103}.Release|Any CPU.ActiveCfg = Release|Any CPU
		{5E74086A-A530-865D-5032-A2D747FA6103}.Release|Any CPU.Build.0 = Release|Any CPU
		{D59DCC30-81BF-5D22-D625-0628FEB2F0D0}.Debug|Any CPU.ActiveCfg = Debug|Any CPU
		{D59DCC30-81BF-5D22-D625-0628FEB2F0D0}.Debug|Any CPU.Build.0 = Debug|Any CPU
		{D59DCC30-81BF-5D22-D625-0628FEB2F0D0}.Release|Any CPU.ActiveCfg = Release|Any CPU
		{D59DCC30-81BF-5D22-D625-0628FEB2F0D0}.Release|Any CPU.Build.0 = Release|Any CPU
		{12C66626-DF7C-52D5-EC3C-DB72C5CEAE3F}.Debug|Any CPU.ActiveCfg = Debug|Any CPU
		{12C66626-DF7C-52D5-EC3C-DB72C5CEAE3F}.Debug|Any CPU.Build.0 = Debug|Any CPU
		{12C66626-DF7C-52D5-EC3C-DB72C5CEAE3F}.Release|Any CPU.ActiveCfg = Release|Any CPU
		{12C66626-DF7C-52D5-EC3C-DB72C5CEAE3F}.Release|Any CPU.Build.0 = Release|Any CPU
		{A505A9E8-0E7E-4051-E875-683693756B8B}.Debug|Any CPU.ActiveCfg = Debug|Any CPU
		{A505A9E8-0E7E-4051-E875-683693756B8B}.Debug|Any CPU.Build.0 = Debug|Any CPU
		{A505A9E8-0E7E-4051-E875-683693756B8B}.Release|Any CPU.ActiveCfg = Release|Any CPU
		{A505A9E8-0E7E-4051-E875-683693756B8B}.Release|Any CPU.Build.0 = Release|Any CPU
		{F9EC6904-B65C-8BAB-79AE-F7E77F73D3C8}.Debug|Any CPU.ActiveCfg = Debug|Any CPU
		{F9EC6904-B65C-8BAB-79AE-F7E77F73D3C8}.Debug|Any CPU.Build.0 = Debug|Any CPU
		{F9EC6904-B65C-8BAB-79AE-F7E77F73D3C8}.Release|Any CPU.ActiveCfg = Release|Any CPU
		{F9EC6904-B65C-8BAB-79AE-F7E77F73D3C8}.Release|Any CPU.Build.0 = Release|Any CPU
		{640A26A4-B48E-15DE-42BB-188622C1804D}.Debug|Any CPU.ActiveCfg = Debug|Any CPU
		{640A26A4-B48E-15DE-42BB-188622C1804D}.Debug|Any CPU.Build.0 = Debug|Any CPU
		{640A26A4-B48E-15DE-42BB-188622C1804D}.Release|Any CPU.ActiveCfg = Release|Any CPU
		{640A26A4-B48E-15DE-42BB-188622C1804D}.Release|Any CPU.Build.0 = Release|Any CPU
		{09EE8B2C-9349-55CE-344C-5A1F1C8F9706}.Debug|Any CPU.ActiveCfg = Debug|Any CPU
		{09EE8B2C-9349-55CE-344C-5A1F1C8F9706}.Debug|Any CPU.Build.0 = Debug|Any CPU
		{09EE8B2C-9349-55CE-344C-5A1F1C8F9706}.Release|Any CPU.ActiveCfg = Release|Any CPU
		{09EE8B2C-9349-55CE-344C-5A1F1C8F9706}.Release|Any CPU.Build.0 = Release|Any CPU
		{6963C93D-5301-C9A7-5DE7-2585989E344F}.Debug|Any CPU.ActiveCfg = Debug|Any CPU
		{6963C93D-5301-C9A7-5DE7-2585989E344F}.Debug|Any CPU.Build.0 = Debug|Any CPU
		{6963C93D-5301-C9A7-5DE7-2585989E344F}.Release|Any CPU.ActiveCfg = Release|Any CPU
		{6963C93D-5301-C9A7-5DE7-2585989E344F}.Release|Any CPU.Build.0 = Release|Any CPU
		{27BC5E68-C1AF-0014-ACF2-5A2FD0170259}.Debug|Any CPU.ActiveCfg = Debug|Any CPU
		{27BC5E68-C1AF-0014-ACF2-5A2FD0170259}.Debug|Any CPU.Build.0 = Debug|Any CPU
		{27BC5E68-C1AF-0014-ACF2-5A2FD0170259}.Release|Any CPU.ActiveCfg = Release|Any CPU
		{27BC5E68-C1AF-0014-ACF2-5A2FD0170259}.Release|Any CPU.Build.0 = Release|Any CPU
		{C8805B69-8713-4728-40B6-DFA202427EFB}.Debug|Any CPU.ActiveCfg = Debug|Any CPU
		{C8805B69-8713-4728-40B6-DFA202427EFB}.Debug|Any CPU.Build.0 = Debug|Any CPU
		{C8805B69-8713-4728-40B6-DFA202427EFB}.Release|Any CPU.ActiveCfg = Release|Any CPU
		{C8805B69-8713-4728-40B6-DFA202427EFB}.Release|Any CPU.Build.0 = Release|Any CPU
		{FC0F5D66-97C9-DA60-5E52-4EB9ACA06A61}.Debug|Any CPU.ActiveCfg = Debug|Any CPU
		{FC0F5D66-97C9-DA60-5E52-4EB9ACA06A61}.Debug|Any CPU.Build.0 = Debug|Any CPU
		{FC0F5D66-97C9-DA60-5E52-4EB9ACA06A61}.Release|Any CPU.ActiveCfg = Release|Any CPU
		{FC0F5D66-97C9-DA60-5E52-4EB9ACA06A61}.Release|Any CPU.Build.0 = Release|Any CPU
		{D3F7DC6A-9770-09A7-44ED-3C6CD04C3A07}.Debug|Any CPU.ActiveCfg = Debug|Any CPU
		{D3F7DC6A-9770-09A7-44ED-3C6CD04C3A07}.Debug|Any CPU.Build.0 = Debug|Any CPU
		{D3F7DC6A-9770-09A7-44ED-3C6CD04C3A07}.Release|Any CPU.ActiveCfg = Release|Any CPU
		{D3F7DC6A-9770-09A7-44ED-3C6CD04C3A07}.Release|Any CPU.Build.0 = Release|Any CPU
		{B49139D7-0463-2EC9-4BED-FB0B62AD0DE7}.Debug|Any CPU.ActiveCfg = Debug|Any CPU
		{B49139D7-0463-2EC9-4BED-FB0B62AD0DE7}.Debug|Any CPU.Build.0 = Debug|Any CPU
		{B49139D7-0463-2EC9-4BED-FB0B62AD0DE7}.Release|Any CPU.ActiveCfg = Release|Any CPU
		{B49139D7-0463-2EC9-4BED-FB0B62AD0DE7}.Release|Any CPU.Build.0 = Release|Any CPU
		{8B27BCA8-9F62-522D-E6DC-AC35C9841A38}.Debug|Any CPU.ActiveCfg = Debug|Any CPU
		{8B27BCA8-9F62-522D-E6DC-AC35C9841A38}.Debug|Any CPU.Build.0 = Debug|Any CPU
		{8B27BCA8-9F62-522D-E6DC-AC35C9841A38}.Release|Any CPU.ActiveCfg = Release|Any CPU
		{8B27BCA8-9F62-522D-E6DC-AC35C9841A38}.Release|Any CPU.Build.0 = Release|Any CPU
		{170A754B-2132-C388-48A9-494B1D7CC402}.Debug|Any CPU.ActiveCfg = Debug|Any CPU
		{170A754B-2132-C388-48A9-494B1D7CC402}.Debug|Any CPU.Build.0 = Debug|Any CPU
		{170A754B-2132-C388-48A9-494B1D7CC402}.Release|Any CPU.ActiveCfg = Release|Any CPU
		{170A754B-2132-C388-48A9-494B1D7CC402}.Release|Any CPU.Build.0 = Release|Any CPU
		{151CE7AD-8B9C-F9E8-286E-7BCE30177CEA}.Debug|Any CPU.ActiveCfg = Debug|Any CPU
		{151CE7AD-8B9C-F9E8-286E-7BCE30177CEA}.Debug|Any CPU.Build.0 = Debug|Any CPU
		{151CE7AD-8B9C-F9E8-286E-7BCE30177CEA}.Release|Any CPU.ActiveCfg = Release|Any CPU
		{151CE7AD-8B9C-F9E8-286E-7BCE30177CEA}.Release|Any CPU.Build.0 = Release|Any CPU
		{4C655B0E-1161-75B5-BB91-E48C57A4C001}.Debug|Any CPU.ActiveCfg = Debug|Any CPU
		{4C655B0E-1161-75B5-BB91-E48C57A4C001}.Debug|Any CPU.Build.0 = Debug|Any CPU
		{4C655B0E-1161-75B5-BB91-E48C57A4C001}.Release|Any CPU.ActiveCfg = Release|Any CPU
		{4C655B0E-1161-75B5-BB91-E48C57A4C001}.Release|Any CPU.Build.0 = Release|Any CPU
		{20D8A112-C569-31B3-AE67-16FA07F0A1E5}.Debug|Any CPU.ActiveCfg = Debug|Any CPU
		{20D8A112-C569-31B3-AE67-16FA07F0A1E5}.Debug|Any CPU.Build.0 = Debug|Any CPU
		{20D8A112-C569-31B3-AE67-16FA07F0A1E5}.Release|Any CPU.ActiveCfg = Release|Any CPU
		{20D8A112-C569-31B3-AE67-16FA07F0A1E5}.Release|Any CPU.Build.0 = Release|Any CPU
		{F12D11CB-9FC5-6A00-8680-6710F00BA615}.Debug|Any CPU.ActiveCfg = Debug|Any CPU
		{F12D11CB-9FC5-6A00-8680-6710F00BA615}.Debug|Any CPU.Build.0 = Debug|Any CPU
		{F12D11CB-9FC5-6A00-8680-6710F00BA615}.Release|Any CPU.ActiveCfg = Release|Any CPU
		{F12D11CB-9FC5-6A00-8680-6710F00BA615}.Release|Any CPU.Build.0 = Release|Any CPU
		{5306629F-CB0C-5A51-829A-720D80CB6F5B}.Debug|Any CPU.ActiveCfg = Debug|Any CPU
		{5306629F-CB0C-5A51-829A-720D80CB6F5B}.Debug|Any CPU.Build.0 = Debug|Any CPU
		{5306629F-CB0C-5A51-829A-720D80CB6F5B}.Release|Any CPU.ActiveCfg = Release|Any CPU
		{5306629F-CB0C-5A51-829A-720D80CB6F5B}.Release|Any CPU.Build.0 = Release|Any CPU
		{1AF78C7B-A8AD-7A7F-2E42-CC6878F05919}.Debug|Any CPU.ActiveCfg = Debug|Any CPU
		{1AF78C7B-A8AD-7A7F-2E42-CC6878F05919}.Debug|Any CPU.Build.0 = Debug|Any CPU
		{1AF78C7B-A8AD-7A7F-2E42-CC6878F05919}.Release|Any CPU.ActiveCfg = Release|Any CPU
		{1AF78C7B-A8AD-7A7F-2E42-CC6878F05919}.Release|Any CPU.Build.0 = Release|Any CPU
		{F1C0FDAC-6E64-3861-C8CD-7FD946D9DE7B}.Debug|Any CPU.ActiveCfg = Debug|Any CPU
		{F1C0FDAC-6E64-3861-C8CD-7FD946D9DE7B}.Debug|Any CPU.Build.0 = Debug|Any CPU
		{F1C0FDAC-6E64-3861-C8CD-7FD946D9DE7B}.Release|Any CPU.ActiveCfg = Release|Any CPU
		{F1C0FDAC-6E64-3861-C8CD-7FD946D9DE7B}.Release|Any CPU.Build.0 = Release|Any CPU
		{5C2EC1AB-00A0-606E-0C1E-178F8D5854CC}.Debug|Any CPU.ActiveCfg = Debug|Any CPU
		{5C2EC1AB-00A0-606E-0C1E-178F8D5854CC}.Debug|Any CPU.Build.0 = Debug|Any CPU
		{5C2EC1AB-00A0-606E-0C1E-178F8D5854CC}.Release|Any CPU.ActiveCfg = Release|Any CPU
		{5C2EC1AB-00A0-606E-0C1E-178F8D5854CC}.Release|Any CPU.Build.0 = Release|Any CPU
		{D91B0F4E-399F-ADDE-3180-65D4FA51E19F}.Debug|Any CPU.ActiveCfg = Debug|Any CPU
		{D91B0F4E-399F-ADDE-3180-65D4FA51E19F}.Debug|Any CPU.Build.0 = Debug|Any CPU
		{D91B0F4E-399F-ADDE-3180-65D4FA51E19F}.Release|Any CPU.ActiveCfg = Release|Any CPU
		{D91B0F4E-399F-ADDE-3180-65D4FA51E19F}.Release|Any CPU.Build.0 = Release|Any CPU
		{CC1B7BB8-85C9-37C7-5A69-77466FC09A27}.Debug|Any CPU.ActiveCfg = Debug|Any CPU
		{CC1B7BB8-85C9-37C7-5A69-77466FC09A27}.Debug|Any CPU.Build.0 = Debug|Any CPU
		{CC1B7BB8-85C9-37C7-5A69-77466FC09A27}.Release|Any CPU.ActiveCfg = Release|Any CPU
		{CC1B7BB8-85C9-37C7-5A69-77466FC09A27}.Release|Any CPU.Build.0 = Release|Any CPU
		{A5864B72-0A75-E738-098E-E93C5254F7E4}.Debug|Any CPU.ActiveCfg = Debug|Any CPU
		{A5864B72-0A75-E738-098E-E93C5254F7E4}.Debug|Any CPU.Build.0 = Debug|Any CPU
		{A5864B72-0A75-E738-098E-E93C5254F7E4}.Release|Any CPU.ActiveCfg = Release|Any CPU
		{A5864B72-0A75-E738-098E-E93C5254F7E4}.Release|Any CPU.Build.0 = Release|Any CPU
		{BBA76AA2-9E28-9DF8-7ECF-7B9242F59AC8}.Debug|Any CPU.ActiveCfg = Debug|Any CPU
		{BBA76AA2-9E28-9DF8-7ECF-7B9242F59AC8}.Debug|Any CPU.Build.0 = Debug|Any CPU
		{BBA76AA2-9E28-9DF8-7ECF-7B9242F59AC8}.Release|Any CPU.ActiveCfg = Release|Any CPU
		{BBA76AA2-9E28-9DF8-7ECF-7B9242F59AC8}.Release|Any CPU.Build.0 = Release|Any CPU
		{E9192E08-8B56-2F41-A512-308ED5E7C1F8}.Debug|Any CPU.ActiveCfg = Debug|Any CPU
		{E9192E08-8B56-2F41-A512-308ED5E7C1F8}.Debug|Any CPU.Build.0 = Debug|Any CPU
		{E9192E08-8B56-2F41-A512-308ED5E7C1F8}.Release|Any CPU.ActiveCfg = Release|Any CPU
		{E9192E08-8B56-2F41-A512-308ED5E7C1F8}.Release|Any CPU.Build.0 = Release|Any CPU
		{BA093EAF-1503-8669-5258-F39CC37EBE36}.Debug|Any CPU.ActiveCfg = Debug|Any CPU
		{BA093EAF-1503-8669-5258-F39CC37EBE36}.Debug|Any CPU.Build.0 = Debug|Any CPU
		{BA093EAF-1503-8669-5258-F39CC37EBE36}.Release|Any CPU.ActiveCfg = Release|Any CPU
		{BA093EAF-1503-8669-5258-F39CC37EBE36}.Release|Any CPU.Build.0 = Release|Any CPU
		{6FF53777-C177-AC56-85AB-4EB12F83A28E}.Debug|Any CPU.ActiveCfg = Debug|Any CPU
		{6FF53777-C177-AC56-85AB-4EB12F83A28E}.Debug|Any CPU.Build.0 = Debug|Any CPU
		{6FF53777-C177-AC56-85AB-4EB12F83A28E}.Release|Any CPU.ActiveCfg = Release|Any CPU
		{6FF53777-C177-AC56-85AB-4EB12F83A28E}.Release|Any CPU.Build.0 = Release|Any CPU
		{02B4F0CC-C5BD-33AC-20CE-EB0EBD219B89}.Debug|Any CPU.ActiveCfg = Debug|Any CPU
		{02B4F0CC-C5BD-33AC-20CE-EB0EBD219B89}.Debug|Any CPU.Build.0 = Debug|Any CPU
		{02B4F0CC-C5BD-33AC-20CE-EB0EBD219B89}.Release|Any CPU.ActiveCfg = Release|Any CPU
		{02B4F0CC-C5BD-33AC-20CE-EB0EBD219B89}.Release|Any CPU.Build.0 = Release|Any CPU
		{865B826B-F82C-54D1-9389-461006931969}.Debug|Any CPU.ActiveCfg = Debug|Any CPU
		{865B826B-F82C-54D1-9389-461006931969}.Debug|Any CPU.Build.0 = Debug|Any CPU
		{865B826B-F82C-54D1-9389-461006931969}.Release|Any CPU.ActiveCfg = Release|Any CPU
		{865B826B-F82C-54D1-9389-461006931969}.Release|Any CPU.Build.0 = Release|Any CPU
		{6C8A21EE-022D-A318-9CCF-383C2E805AC0}.Debug|Any CPU.ActiveCfg = Debug|Any CPU
		{6C8A21EE-022D-A318-9CCF-383C2E805AC0}.Debug|Any CPU.Build.0 = Debug|Any CPU
		{6C8A21EE-022D-A318-9CCF-383C2E805AC0}.Release|Any CPU.ActiveCfg = Release|Any CPU
		{6C8A21EE-022D-A318-9CCF-383C2E805AC0}.Release|Any CPU.Build.0 = Release|Any CPU
		{FE0473D6-6AB6-9315-97B3-78E66A73957F}.Debug|Any CPU.ActiveCfg = Debug|Any CPU
		{FE0473D6-6AB6-9315-97B3-78E66A73957F}.Debug|Any CPU.Build.0 = Debug|Any CPU
		{FE0473D6-6AB6-9315-97B3-78E66A73957F}.Release|Any CPU.ActiveCfg = Release|Any CPU
		{FE0473D6-6AB6-9315-97B3-78E66A73957F}.Release|Any CPU.Build.0 = Release|Any CPU
		{E7DFEE0A-2DD0-C82A-5D77-CFDF33AC328F}.Debug|Any CPU.ActiveCfg = Debug|Any CPU
		{E7DFEE0A-2DD0-C82A-5D77-CFDF33AC328F}.Debug|Any CPU.Build.0 = Debug|Any CPU
		{E7DFEE0A-2DD0-C82A-5D77-CFDF33AC328F}.Release|Any CPU.ActiveCfg = Release|Any CPU
		{E7DFEE0A-2DD0-C82A-5D77-CFDF33AC328F}.Release|Any CPU.Build.0 = Release|Any CPU
		{32AE278A-6684-E31F-7518-3C89F597A5B5}.Debug|Any CPU.ActiveCfg = Debug|Any CPU
		{32AE278A-6684-E31F-7518-3C89F597A5B5}.Debug|Any CPU.Build.0 = Debug|Any CPU
		{32AE278A-6684-E31F-7518-3C89F597A5B5}.Release|Any CPU.ActiveCfg = Release|Any CPU
		{32AE278A-6684-E31F-7518-3C89F597A5B5}.Release|Any CPU.Build.0 = Release|Any CPU
		{1F057F48-BB69-DBB1-977F-FBBC2A4A78EF}.Debug|Any CPU.ActiveCfg = Debug|Any CPU
		{1F057F48-BB69-DBB1-977F-FBBC2A4A78EF}.Debug|Any CPU.Build.0 = Debug|Any CPU
		{1F057F48-BB69-DBB1-977F-FBBC2A4A78EF}.Release|Any CPU.ActiveCfg = Release|Any CPU
		{1F057F48-BB69-DBB1-977F-FBBC2A4A78EF}.Release|Any CPU.Build.0 = Release|Any CPU
		{F69B9591-7C69-D8F5-38BD-B086E8A956CF}.Debug|Any CPU.ActiveCfg = Debug|Any CPU
		{F69B9591-7C69-D8F5-38BD-B086E8A956CF}.Debug|Any CPU.Build.0 = Debug|Any CPU
		{F69B9591-7C69-D8F5-38BD-B086E8A956CF}.Release|Any CPU.ActiveCfg = Release|Any CPU
		{F69B9591-7C69-D8F5-38BD-B086E8A956CF}.Release|Any CPU.Build.0 = Release|Any CPU
		{1EA27C18-E3A2-935D-BCC4-2917156A6C08}.Debug|Any CPU.ActiveCfg = Debug|Any CPU
		{1EA27C18-E3A2-935D-BCC4-2917156A6C08}.Debug|Any CPU.Build.0 = Debug|Any CPU
		{1EA27C18-E3A2-935D-BCC4-2917156A6C08}.Release|Any CPU.ActiveCfg = Release|Any CPU
		{1EA27C18-E3A2-935D-BCC4-2917156A6C08}.Release|Any CPU.Build.0 = Release|Any CPU
		{03732719-7260-E245-0694-27FA3275C256}.Debug|Any CPU.ActiveCfg = Debug|Any CPU
		{03732719-7260-E245-0694-27FA3275C256}.Debug|Any CPU.Build.0 = Debug|Any CPU
		{03732719-7260-E245-0694-27FA3275C256}.Release|Any CPU.ActiveCfg = Release|Any CPU
		{03732719-7260-E245-0694-27FA3275C256}.Release|Any CPU.Build.0 = Release|Any CPU
		{68E137ED-0B0A-3F4E-179E-E0C17BE295DC}.Debug|Any CPU.ActiveCfg = Debug|Any CPU
		{68E137ED-0B0A-3F4E-179E-E0C17BE295DC}.Debug|Any CPU.Build.0 = Debug|Any CPU
		{68E137ED-0B0A-3F4E-179E-E0C17BE295DC}.Release|Any CPU.ActiveCfg = Release|Any CPU
		{68E137ED-0B0A-3F4E-179E-E0C17BE295DC}.Release|Any CPU.Build.0 = Release|Any CPU
		{543D529B-43B9-D817-68D6-10091EFD870F}.Debug|Any CPU.ActiveCfg = Debug|Any CPU
		{543D529B-43B9-D817-68D6-10091EFD870F}.Debug|Any CPU.Build.0 = Debug|Any CPU
		{543D529B-43B9-D817-68D6-10091EFD870F}.Release|Any CPU.ActiveCfg = Release|Any CPU
		{543D529B-43B9-D817-68D6-10091EFD870F}.Release|Any CPU.Build.0 = Release|Any CPU
		{352E965E-29DD-90F4-F327-B89D1BE45752}.Debug|Any CPU.ActiveCfg = Debug|Any CPU
		{352E965E-29DD-90F4-F327-B89D1BE45752}.Debug|Any CPU.Build.0 = Debug|Any CPU
		{352E965E-29DD-90F4-F327-B89D1BE45752}.Release|Any CPU.ActiveCfg = Release|Any CPU
		{352E965E-29DD-90F4-F327-B89D1BE45752}.Release|Any CPU.Build.0 = Release|Any CPU
		{B20AD9F6-408E-9E5C-BFE2-E55800772564}.Debug|Any CPU.ActiveCfg = Debug|Any CPU
		{B20AD9F6-408E-9E5C-BFE2-E55800772564}.Debug|Any CPU.Build.0 = Debug|Any CPU
		{B20AD9F6-408E-9E5C-BFE2-E55800772564}.Release|Any CPU.ActiveCfg = Release|Any CPU
		{B20AD9F6-408E-9E5C-BFE2-E55800772564}.Release|Any CPU.Build.0 = Release|Any CPU
		{3F9B3837-9EC0-F309-D769-2B902C459AE3}.Debug|Any CPU.ActiveCfg = Debug|Any CPU
		{3F9B3837-9EC0-F309-D769-2B902C459AE3}.Debug|Any CPU.Build.0 = Debug|Any CPU
		{3F9B3837-9EC0-F309-D769-2B902C459AE3}.Release|Any CPU.ActiveCfg = Release|Any CPU
		{3F9B3837-9EC0-F309-D769-2B902C459AE3}.Release|Any CPU.Build.0 = Release|Any CPU
		{B4C827BF-2D0E-F72C-49F1-50A6D9A12EF9}.Debug|Any CPU.ActiveCfg = Debug|Any CPU
		{B4C827BF-2D0E-F72C-49F1-50A6D9A12EF9}.Debug|Any CPU.Build.0 = Debug|Any CPU
		{B4C827BF-2D0E-F72C-49F1-50A6D9A12EF9}.Release|Any CPU.ActiveCfg = Release|Any CPU
		{B4C827BF-2D0E-F72C-49F1-50A6D9A12EF9}.Release|Any CPU.Build.0 = Release|Any CPU
		{90D9D12B-89D9-0AEF-60D5-EE860DE85B4B}.Debug|Any CPU.ActiveCfg = Debug|Any CPU
		{90D9D12B-89D9-0AEF-60D5-EE860DE85B4B}.Debug|Any CPU.Build.0 = Debug|Any CPU
		{90D9D12B-89D9-0AEF-60D5-EE860DE85B4B}.Release|Any CPU.ActiveCfg = Release|Any CPU
		{90D9D12B-89D9-0AEF-60D5-EE860DE85B4B}.Release|Any CPU.Build.0 = Release|Any CPU
		{497A000A-A24C-981F-06DF-6A16C5EB723E}.Debug|Any CPU.ActiveCfg = Debug|Any CPU
		{497A000A-A24C-981F-06DF-6A16C5EB723E}.Debug|Any CPU.Build.0 = Debug|Any CPU
		{497A000A-A24C-981F-06DF-6A16C5EB723E}.Release|Any CPU.ActiveCfg = Release|Any CPU
		{497A000A-A24C-981F-06DF-6A16C5EB723E}.Release|Any CPU.Build.0 = Release|Any CPU
		{3E3BA154-AABD-91FD-1390-81D098492D8B}.Debug|Any CPU.ActiveCfg = Debug|Any CPU
		{3E3BA154-AABD-91FD-1390-81D098492D8B}.Debug|Any CPU.Build.0 = Debug|Any CPU
		{3E3BA154-AABD-91FD-1390-81D098492D8B}.Release|Any CPU.ActiveCfg = Release|Any CPU
		{3E3BA154-AABD-91FD-1390-81D098492D8B}.Release|Any CPU.Build.0 = Release|Any CPU
		{6D9E76B1-4986-65FB-289A-47C66422685F}.Debug|Any CPU.ActiveCfg = Debug|Any CPU
		{6D9E76B1-4986-65FB-289A-47C66422685F}.Debug|Any CPU.Build.0 = Debug|Any CPU
		{6D9E76B1-4986-65FB-289A-47C66422685F}.Release|Any CPU.ActiveCfg = Release|Any CPU
		{6D9E76B1-4986-65FB-289A-47C66422685F}.Release|Any CPU.Build.0 = Release|Any CPU
		{4127BABD-9AB3-1499-FD34-161FE9DCA452}.Debug|Any CPU.ActiveCfg = Debug|Any CPU
		{4127BABD-9AB3-1499-FD34-161FE9DCA452}.Debug|Any CPU.Build.0 = Debug|Any CPU
		{4127BABD-9AB3-1499-FD34-161FE9DCA452}.Release|Any CPU.ActiveCfg = Release|Any CPU
		{4127BABD-9AB3-1499-FD34-161FE9DCA452}.Release|Any CPU.Build.0 = Release|Any CPU
		{256DA267-907C-96CC-B2F1-CCF9907CF5F1}.Debug|Any CPU.ActiveCfg = Debug|Any CPU
		{256DA267-907C-96CC-B2F1-CCF9907CF5F1}.Debug|Any CPU.Build.0 = Debug|Any CPU
		{256DA267-907C-96CC-B2F1-CCF9907CF5F1}.Release|Any CPU.ActiveCfg = Release|Any CPU
		{256DA267-907C-96CC-B2F1-CCF9907CF5F1}.Release|Any CPU.Build.0 = Release|Any CPU
		{25E8AE9D-F207-C996-1EBD-08500C7ED897}.Debug|Any CPU.ActiveCfg = Debug|Any CPU
		{25E8AE9D-F207-C996-1EBD-08500C7ED897}.Debug|Any CPU.Build.0 = Debug|Any CPU
		{25E8AE9D-F207-C996-1EBD-08500C7ED897}.Release|Any CPU.ActiveCfg = Release|Any CPU
		{25E8AE9D-F207-C996-1EBD-08500C7ED897}.Release|Any CPU.Build.0 = Release|Any CPU
		{D0166E2A-D926-6EE6-9F6D-832A39A12522}.Debug|Any CPU.ActiveCfg = Debug|Any CPU
		{D0166E2A-D926-6EE6-9F6D-832A39A12522}.Debug|Any CPU.Build.0 = Debug|Any CPU
		{D0166E2A-D926-6EE6-9F6D-832A39A12522}.Release|Any CPU.ActiveCfg = Release|Any CPU
		{D0166E2A-D926-6EE6-9F6D-832A39A12522}.Release|Any CPU.Build.0 = Release|Any CPU
		{83A08A46-489D-AF29-9054-44CC62F748B0}.Debug|Any CPU.ActiveCfg = Debug|Any CPU
		{83A08A46-489D-AF29-9054-44CC62F748B0}.Debug|Any CPU.Build.0 = Debug|Any CPU
		{83A08A46-489D-AF29-9054-44CC62F748B0}.Release|Any CPU.ActiveCfg = Release|Any CPU
		{83A08A46-489D-AF29-9054-44CC62F748B0}.Release|Any CPU.Build.0 = Release|Any CPU
		{B91F033B-7367-9681-0CD0-06CE76D0CA9F}.Debug|Any CPU.ActiveCfg = Debug|Any CPU
		{B91F033B-7367-9681-0CD0-06CE76D0CA9F}.Debug|Any CPU.Build.0 = Debug|Any CPU
		{B91F033B-7367-9681-0CD0-06CE76D0CA9F}.Release|Any CPU.ActiveCfg = Release|Any CPU
		{B91F033B-7367-9681-0CD0-06CE76D0CA9F}.Release|Any CPU.Build.0 = Release|Any CPU
		{F5A40797-BCCC-A81E-63C8-B66932B0752C}.Debug|Any CPU.ActiveCfg = Debug|Any CPU
		{F5A40797-BCCC-A81E-63C8-B66932B0752C}.Debug|Any CPU.Build.0 = Debug|Any CPU
		{F5A40797-BCCC-A81E-63C8-B66932B0752C}.Release|Any CPU.ActiveCfg = Release|Any CPU
		{F5A40797-BCCC-A81E-63C8-B66932B0752C}.Release|Any CPU.Build.0 = Release|Any CPU
		{3E75914D-21AD-FCF7-993A-1B6E578BC5EF}.Debug|Any CPU.ActiveCfg = Debug|Any CPU
		{3E75914D-21AD-FCF7-993A-1B6E578BC5EF}.Debug|Any CPU.Build.0 = Debug|Any CPU
		{3E75914D-21AD-FCF7-993A-1B6E578BC5EF}.Release|Any CPU.ActiveCfg = Release|Any CPU
		{3E75914D-21AD-FCF7-993A-1B6E578BC5EF}.Release|Any CPU.Build.0 = Release|Any CPU
		{3AC99D75-B799-B786-0470-286E1DF1E477}.Debug|Any CPU.ActiveCfg = Debug|Any CPU
		{3AC99D75-B799-B786-0470-286E1DF1E477}.Debug|Any CPU.Build.0 = Debug|Any CPU
		{3AC99D75-B799-B786-0470-286E1DF1E477}.Release|Any CPU.ActiveCfg = Release|Any CPU
		{3AC99D75-B799-B786-0470-286E1DF1E477}.Release|Any CPU.Build.0 = Release|Any CPU
		{AFAC5A4A-77A2-D51A-0E48-18BAA3D96EA3}.Debug|Any CPU.ActiveCfg = Debug|Any CPU
		{AFAC5A4A-77A2-D51A-0E48-18BAA3D96EA3}.Debug|Any CPU.Build.0 = Debug|Any CPU
		{AFAC5A4A-77A2-D51A-0E48-18BAA3D96EA3}.Release|Any CPU.ActiveCfg = Release|Any CPU
		{AFAC5A4A-77A2-D51A-0E48-18BAA3D96EA3}.Release|Any CPU.Build.0 = Release|Any CPU
		{0BAE141D-4AF2-821E-ABB7-CA342DE8CAD9}.Debug|Any CPU.ActiveCfg = Debug|Any CPU
		{0BAE141D-4AF2-821E-ABB7-CA342DE8CAD9}.Debug|Any CPU.Build.0 = Debug|Any CPU
		{0BAE141D-4AF2-821E-ABB7-CA342DE8CAD9}.Release|Any CPU.ActiveCfg = Release|Any CPU
		{0BAE141D-4AF2-821E-ABB7-CA342DE8CAD9}.Release|Any CPU.Build.0 = Release|Any CPU
		{A743CF2B-DA66-ADCF-0717-1998C516BDBC}.Debug|Any CPU.ActiveCfg = Debug|Any CPU
		{A743CF2B-DA66-ADCF-0717-1998C516BDBC}.Debug|Any CPU.Build.0 = Debug|Any CPU
		{A743CF2B-DA66-ADCF-0717-1998C516BDBC}.Release|Any CPU.ActiveCfg = Release|Any CPU
		{A743CF2B-DA66-ADCF-0717-1998C516BDBC}.Release|Any CPU.Build.0 = Release|Any CPU
		{094BE9DA-B486-9A2C-FD54-B9B1A453FDCC}.Debug|Any CPU.ActiveCfg = Debug|Any CPU
		{094BE9DA-B486-9A2C-FD54-B9B1A453FDCC}.Debug|Any CPU.Build.0 = Debug|Any CPU
		{094BE9DA-B486-9A2C-FD54-B9B1A453FDCC}.Release|Any CPU.ActiveCfg = Release|Any CPU
		{094BE9DA-B486-9A2C-FD54-B9B1A453FDCC}.Release|Any CPU.Build.0 = Release|Any CPU
		{EF1199F6-7892-6BD8-137D-854B218084CE}.Debug|Any CPU.ActiveCfg = Debug|Any CPU
		{EF1199F6-7892-6BD8-137D-854B218084CE}.Debug|Any CPU.Build.0 = Debug|Any CPU
		{EF1199F6-7892-6BD8-137D-854B218084CE}.Release|Any CPU.ActiveCfg = Release|Any CPU
		{EF1199F6-7892-6BD8-137D-854B218084CE}.Release|Any CPU.Build.0 = Release|Any CPU
		{EEC4CFC7-DA73-6658-1E8C-B1F22BB999F5}.Debug|Any CPU.ActiveCfg = Debug|Any CPU
		{EEC4CFC7-DA73-6658-1E8C-B1F22BB999F5}.Debug|Any CPU.Build.0 = Debug|Any CPU
		{EEC4CFC7-DA73-6658-1E8C-B1F22BB999F5}.Release|Any CPU.ActiveCfg = Release|Any CPU
		{EEC4CFC7-DA73-6658-1E8C-B1F22BB999F5}.Release|Any CPU.Build.0 = Release|Any CPU
		{691BB600-9F10-BFAC-3CEF-F1C4647AB4BB}.Debug|Any CPU.ActiveCfg = Debug|Any CPU
		{691BB600-9F10-BFAC-3CEF-F1C4647AB4BB}.Debug|Any CPU.Build.0 = Debug|Any CPU
		{691BB600-9F10-BFAC-3CEF-F1C4647AB4BB}.Release|Any CPU.ActiveCfg = Release|Any CPU
		{691BB600-9F10-BFAC-3CEF-F1C4647AB4BB}.Release|Any CPU.Build.0 = Release|Any CPU
		{ACBD4583-F8C3-A045-FC5A-B525C6155EE8}.Debug|Any CPU.ActiveCfg = Debug|Any CPU
		{ACBD4583-F8C3-A045-FC5A-B525C6155EE8}.Debug|Any CPU.Build.0 = Debug|Any CPU
		{ACBD4583-F8C3-A045-FC5A-B525C6155EE8}.Release|Any CPU.ActiveCfg = Release|Any CPU
		{ACBD4583-F8C3-A045-FC5A-B525C6155EE8}.Release|Any CPU.Build.0 = Release|Any CPU
		{8BE606A4-007A-1C89-1DF3-CD2154E0F986}.Debug|Any CPU.ActiveCfg = Debug|Any CPU
		{8BE606A4-007A-1C89-1DF3-CD2154E0F986}.Debug|Any CPU.Build.0 = Debug|Any CPU
		{8BE606A4-007A-1C89-1DF3-CD2154E0F986}.Release|Any CPU.ActiveCfg = Release|Any CPU
		{8BE606A4-007A-1C89-1DF3-CD2154E0F986}.Release|Any CPU.Build.0 = Release|Any CPU
		{A285B90B-643E-1DC4-ED41-B471F23126E0}.Debug|Any CPU.ActiveCfg = Debug|Any CPU
		{A285B90B-643E-1DC4-ED41-B471F23126E0}.Debug|Any CPU.Build.0 = Debug|Any CPU
		{A285B90B-643E-1DC4-ED41-B471F23126E0}.Release|Any CPU.ActiveCfg = Release|Any CPU
		{A285B90B-643E-1DC4-ED41-B471F23126E0}.Release|Any CPU.Build.0 = Release|Any CPU
		{08191B75-2C0E-EDA0-E8A3-ECDBEA65AA53}.Debug|Any CPU.ActiveCfg = Debug|Any CPU
		{08191B75-2C0E-EDA0-E8A3-ECDBEA65AA53}.Debug|Any CPU.Build.0 = Debug|Any CPU
		{08191B75-2C0E-EDA0-E8A3-ECDBEA65AA53}.Release|Any CPU.ActiveCfg = Release|Any CPU
		{08191B75-2C0E-EDA0-E8A3-ECDBEA65AA53}.Release|Any CPU.Build.0 = Release|Any CPU
		{086B6065-3671-212F-877D-FD6723977FF9}.Debug|Any CPU.ActiveCfg = Debug|Any CPU
		{086B6065-3671-212F-877D-FD6723977FF9}.Debug|Any CPU.Build.0 = Debug|Any CPU
		{086B6065-3671-212F-877D-FD6723977FF9}.Release|Any CPU.ActiveCfg = Release|Any CPU
		{086B6065-3671-212F-877D-FD6723977FF9}.Release|Any CPU.Build.0 = Release|Any CPU
		{145382F1-E3B1-AFBE-643C-DD9F2FAADA84}.Debug|Any CPU.ActiveCfg = Debug|Any CPU
		{145382F1-E3B1-AFBE-643C-DD9F2FAADA84}.Debug|Any CPU.Build.0 = Debug|Any CPU
		{145382F1-E3B1-AFBE-643C-DD9F2FAADA84}.Release|Any CPU.ActiveCfg = Release|Any CPU
		{145382F1-E3B1-AFBE-643C-DD9F2FAADA84}.Release|Any CPU.Build.0 = Release|Any CPU
		{24389774-F053-D65A-FEA9-779DAD1A8DEF}.Debug|Any CPU.ActiveCfg = Debug|Any CPU
		{24389774-F053-D65A-FEA9-779DAD1A8DEF}.Debug|Any CPU.Build.0 = Debug|Any CPU
		{24389774-F053-D65A-FEA9-779DAD1A8DEF}.Release|Any CPU.ActiveCfg = Release|Any CPU
		{24389774-F053-D65A-FEA9-779DAD1A8DEF}.Release|Any CPU.Build.0 = Release|Any CPU
	EndGlobalSection
	GlobalSection(SolutionProperties) = preSolution
		HideSolutionNode = FALSE
	EndGlobalSection
EndGlobal
